
Microsoft Visual Studio Solution File, Format Version 12.00
# Visual Studio 2013
VisualStudioVersion = 12.0.40629.0
MinimumVisualStudioVersion = 10.0.40219.1
Project("{FAE04EC0-301F-11D3-BF4B-00C04F79EFBC}") = "AuthWebAPI", "AuthWebAPI\AuthWebAPI.csproj", "{9B6744C5-E83C-4563-8768-FD4A9E896E73}"
EndProject
Project("{FAE04EC0-301F-11D3-BF4B-00C04F79EFBC}") = "AuthWebAPI.Tests", "AuthWebAPI.Tests\AuthWebAPI.Tests.csproj", "{4ED0EE40-5C30-40E5-BE26-4F49F85E2390}"
EndProject
Global
	GlobalSection(SolutionConfigurationPlatforms) = preSolution
		Debug|Any CPU = Debug|Any CPU
		Release|Any CPU = Release|Any CPU
	EndGlobalSection
	GlobalSection(ProjectConfigurationPlatforms) = postSolution
		{9B6744C5-E83C-4563-8768-FD4A9E896E73}.Debug|Any CPU.ActiveCfg = Debug|Any CPU
		{9B6744C5-E83C-4563-8768-FD4A9E896E73}.Debug|Any CPU.Build.0 = Debug|Any CPU
		{9B6744C5-E83C-4563-8768-FD4A9E896E73}.Release|Any CPU.ActiveCfg = Release|Any CPU
		{9B6744C5-E83C-4563-8768-FD4A9E896E73}.Release|Any CPU.Build.0 = Release|Any CPU
		{4ED0EE40-5C30-40E5-BE26-4F49F85E2390}.Debug|Any CPU.ActiveCfg = Debug|Any CPU
		{4ED0EE40-5C30-40E5-BE26-4F49F85E2390}.Debug|Any CPU.Build.0 = Debug|Any CPU
		{4ED0EE40-5C30-40E5-BE26-4F49F85E2390}.Release|Any CPU.ActiveCfg = Release|Any CPU
		{4ED0EE40-5C30-40E5-BE26-4F49F85E2390}.Release|Any CPU.Build.0 = Release|Any CPU
	EndGlobalSection
	GlobalSection(SolutionProperties) = preSolution
		HideSolutionNode = FALSE
	EndGlobalSection
EndGlobal
